
Microsoft Visual Studio Solution File, Format Version 12.00
# Visual Studio 15
VisualStudioVersion = 15.0.27703.2035
MinimumVisualStudioVersion = 10.0.40219.1
Project("{FAE04EC0-301F-11D3-BF4B-00C04F79EFBC}") = "Karan.FindEToTheNthDigit", "Numbers - Find e to the Nth Digit\Karan.FindEToTheNthDigit.csproj", "{F525B542-4186-4354-95E8-F0A44EF33462}"
EndProject
Project("{FAE04EC0-301F-11D3-BF4B-00C04F79EFBC}") = "Karan.Tests", "Karan.Tests\Karan.Tests.csproj", "{ECF7FC90-C022-403D-86EB-411EF3CA871F}"
EndProject
Global
	GlobalSection(SolutionConfigurationPlatforms) = preSolution
		Debug|Any CPU = Debug|Any CPU
		Release|Any CPU = Release|Any CPU
	EndGlobalSection
	GlobalSection(ProjectConfigurationPlatforms) = postSolution
		{F525B542-4186-4354-95E8-F0A44EF33462}.Debug|Any CPU.ActiveCfg = Debug|Any CPU
		{F525B542-4186-4354-95E8-F0A44EF33462}.Debug|Any CPU.Build.0 = Debug|Any CPU
		{F525B542-4186-4354-95E8-F0A44EF33462}.Release|Any CPU.ActiveCfg = Release|Any CPU
		{F525B542-4186-4354-95E8-F0A44EF33462}.Release|Any CPU.Build.0 = Release|Any CPU
		{ECF7FC90-C022-403D-86EB-411EF3CA871F}.Debug|Any CPU.ActiveCfg = Debug|Any CPU
		{ECF7FC90-C022-403D-86EB-411EF3CA871F}.Debug|Any CPU.Build.0 = Debug|Any CPU
		{ECF7FC90-C022-403D-86EB-411EF3CA871F}.Release|Any CPU.ActiveCfg = Release|Any CPU
		{ECF7FC90-C022-403D-86EB-411EF3CA871F}.Release|Any CPU.Build.0 = Release|Any CPU
	EndGlobalSection
	GlobalSection(SolutionProperties) = preSolution
		HideSolutionNode = FALSE
	EndGlobalSection
	GlobalSection(ExtensibilityGlobals) = postSolution
		SolutionGuid = {F573DBD5-55E4-4FA4-AD7E-C8971B398DB0}
	EndGlobalSection
EndGlobal
